{
  "originHash" : "f23f17d1fdcbde433d4df5df4762f9845c9f3e7cb83a046f7eb9d8724ad4bad9",
  "pins" : [
    {
      "identity" : "coretextswift",
      "kind" : "remoteSourceControl",
      "location" : "https://github.com/krzyzanowskim/CoreTextSwift",
      "state" : {
        "revision" : "833177201d6421e6322296f39fce6ff6ae52618a",
        "version" : "0.2.0"
      }
    },
    {
      "identity" : "highlightkit",
      "kind" : "remoteSourceControl",
      "location" : "https://github.com/PhraseHQ/HighlightKit",
      "state" : {
        "revision" : "524c185b0553756498c1b6a1765e8d119c4623a6"
      }
    },
    {
      "identity" : "sttextkitplus",
      "kind" : "remoteSourceControl",
      "location" : "https://github.com/krzyzanowskim/STTextKitPlus",
      "state" : {
        "revision" : "2ee74906f4d753458eeaa9a2f6d4538aacb86a1d",
        "version" : "0.3.0"
      }
    },
    {
      "identity" : "sttextview",
      "kind" : "remoteSourceControl",
      "location" : "https://github.com/krzyzanowskim/STTextView",
      "state" : {
        "revision" : "a7da6bdbbd3d0beba116868941266ede11bef5b6",
        "version" : "2.4.0"
      }
    },
    {
      "identity" : "sttextview-plugin-treesitter",
      "kind" : "remoteSourceControl",
      "location" : "https://github.com/krzyzanowskim/STTextView-Plugin-TreeSitter",
      "state" : {
        "revision" : "346bbce977ce6a485ff9ad5696bebbe8790241e9"
      }
    },
    {
      "identity" : "swatex",
      "kind" : "remoteSourceControl",
      "location" : "https://github.com/PhraseHQ/SwaTex",
      "state" : {
        "revision" : "2b38d0b9b9b9466ac1302ab93b37f3b90b8c74fc"
      }
    },
    {
      "identity" : "swift-cmark",
      "kind" : "remoteSourceControl",
      "location" : "https://github.com/swiftlang/swift-cmark",
      "state" : {
        "revision" : "7898f1b3e4befeecee56cb4a3bc8eebd2cb63219"
      }
    },
    {
      "identity" : "swifttreesitter",
      "kind" : "remoteSourceControl",
      "location" : "https://github.com/ChimeHQ/SwiftTreeSitter",
      "state" : {
        "revision" : "08ef81eb8620617b55b08868126707ad72bf754f",
        "version" : "0.25.0"
      }
    },
    {
      "identity" : "tree-sitter",
      "kind" : "remoteSourceControl",
      "location" : "https://github.com/tree-sitter/tree-sitter",
      "state" : {
        "revision" : "da6fe9beb4f7f67beb75914ca8e0d48ae48d6406",
        "version" : "0.25.10"
      }
    }
  ],
  "version" : 3
}
