{
  "originHash" : "51f37dd2f873fe406cec8c51849b918728b0ea70250a9e36b74c2aa2ac11c083",
  "pins" : [
    {
      "identity" : "highlighterswift",
      "kind" : "remoteSourceControl",
      "location" : "https://github.com/smittytone/HighlighterSwift",
      "state" : {
        "revision" : "fe7aae9c9b31d3b296fd3d2dd575e1a207bb29e0",
        "version" : "3.1.0"
      }
    },
    {
      "identity" : "highlightkit",
      "kind" : "remoteSourceControl",
      "location" : "https://github.com/PhraseHQ/HighlightKit",
      "state" : {
        "revision" : "524c185b0553756498c1b6a1765e8d119c4623a6"
      }
    },
    {
      "identity" : "runestone",
      "kind" : "remoteSourceControl",
      "location" : "https://github.com/simonbs/Runestone",
      "state" : {
        "revision" : "1884b67110ce35d830a73b34827d3cd1f50418c5",
        "version" : "0.4.2"
      }
    },
    {
      "identity" : "swatex",
      "kind" : "remoteSourceControl",
      "location" : "https://github.com/PhraseHQ/SwaTex",
      "state" : {
        "revision" : "2b38d0b9b9b9466ac1302ab93b37f3b90b8c74fc"
      }
    },
    {
      "identity" : "swift-cmark",
      "kind" : "remoteSourceControl",
      "location" : "https://github.com/swiftlang/swift-cmark",
      "state" : {
        "revision" : "7898f1b3e4befeecee56cb4a3bc8eebd2cb63219"
      }
    },
    {
      "identity" : "swiftmath",
      "kind" : "remoteSourceControl",
      "location" : "https://github.com/mgriebling/SwiftMath",
      "state" : {
        "revision" : "fa8244ed032f4a1ade4cb0571bf87d2f1a9fd2d7",
        "version" : "1.7.3"
      }
    },
    {
      "identity" : "swifttreesitter",
      "kind" : "remoteSourceControl",
      "location" : "https://github.com/ChimeHQ/SwiftTreeSitter",
      "state" : {
        "revision" : "08ef81eb8620617b55b08868126707ad72bf754f",
        "version" : "0.25.0"
      }
    },
    {
      "identity" : "tree-sitter",
      "kind" : "remoteSourceControl",
      "location" : "https://github.com/tree-sitter/tree-sitter",
      "state" : {
        "revision" : "da6fe9beb4f7f67beb75914ca8e0d48ae48d6406",
        "version" : "0.25.10"
      }
    },
    {
      "identity" : "treesitterlanguages",
      "kind" : "remoteSourceControl",
      "location" : "https://github.com/simonbs/TreeSitterLanguages",
      "state" : {
        "revision" : "15cf3a9ec3ab95e0d058b7df9f35619123c9e02d"
      }
    }
  ],
  "version" : 3
}
